
Microsoft Visual Studio Solution File, Format Version 12.00
# Visual Studio Version 17
VisualStudioVersion = 17.1.32210.238
MinimumVisualStudioVersion = 10.0.40219.1
Project("{FAE04EC0-301F-11D3-BF4B-00C04F79EFBC}") = "galdevweb", "galdevweb\galdevweb.csproj", "{A67A39A2-06FC-4364-819B-D8A00BBEBA9D}"
EndProject
Project("{FAE04EC0-301F-11D3-BF4B-00C04F79EFBC}") = "JsonPath", "JsonPath\JsonPath.csproj", "{7ABD768B-8ABD-454C-BADB-59E09A364947}"
EndProject
Project("{FAE04EC0-301F-11D3-BF4B-00C04F79EFBC}") = "JsonPath.Test", "JsonPath.Test\JsonPath.Test.csproj", "{2BDBB640-27A6-4FA7-AD84-16A93C077C9B}"
EndProject
Global
	GlobalSection(SolutionConfigurationPlatforms) = preSolution
		Debug|Any CPU = Debug|Any CPU
		Release|Any CPU = Release|Any CPU
	EndGlobalSection
	GlobalSection(ProjectConfigurationPlatforms) = postSolution
		{A67A39A2-06FC-4364-819B-D8A00BBEBA9D}.Debug|Any CPU.ActiveCfg = Debug|Any CPU
		{A67A39A2-06FC-4364-819B-D8A00BBEBA9D}.Debug|Any CPU.Build.0 = Debug|Any CPU
		{A67A39A2-06FC-4364-819B-D8A00BBEBA9D}.Release|Any CPU.ActiveCfg = Release|Any CPU
		{A67A39A2-06FC-4364-819B-D8A00BBEBA9D}.Release|Any CPU.Build.0 = Release|Any CPU
		{7ABD768B-8ABD-454C-BADB-59E09A364947}.Debug|Any CPU.ActiveCfg = Debug|Any CPU
		{7ABD768B-8ABD-454C-BADB-59E09A364947}.Debug|Any CPU.Build.0 = Debug|Any CPU
		{7ABD768B-8ABD-454C-BADB-59E09A364947}.Release|Any CPU.ActiveCfg = Release|Any CPU
		{7ABD768B-8ABD-454C-BADB-59E09A364947}.Release|Any CPU.Build.0 = Release|Any CPU
		{2BDBB640-27A6-4FA7-AD84-16A93C077C9B}.Debug|Any CPU.ActiveCfg = Debug|Any CPU
		{2BDBB640-27A6-4FA7-AD84-16A93C077C9B}.Debug|Any CPU.Build.0 = Debug|Any CPU
		{2BDBB640-27A6-4FA7-AD84-16A93C077C9B}.Release|Any CPU.ActiveCfg = Release|Any CPU
		{2BDBB640-27A6-4FA7-AD84-16A93C077C9B}.Release|Any CPU.Build.0 = Release|Any CPU
	EndGlobalSection
	GlobalSection(SolutionProperties) = preSolution
		HideSolutionNode = FALSE
	EndGlobalSection
	GlobalSection(ExtensibilityGlobals) = postSolution
		SolutionGuid = {C81FE41B-22E7-4017-998F-9A0597FD0AC0}
	EndGlobalSection
EndGlobal
