
Microsoft Visual Studio Solution File, Format Version 12.00
# Visual Studio 15
VisualStudioVersion = 15.0.28307.902
MinimumVisualStudioVersion = 10.0.40219.1
Project("{FAE04EC0-301F-11D3-BF4B-00C04F79EFBC}") = "galdevtool", "galdevtool\galdevtool.csproj", "{BE359DB8-870A-42B6-8070-AAEDEAB54C1C}"
EndProject
Project("{FAE04EC0-301F-11D3-BF4B-00C04F79EFBC}") = "galdevtool.Test", "galdevtool.Test\galdevtool.Test.csproj", "{6FC5179C-E57A-4C6B-AB0F-9B0DCB016896}"
EndProject
Global
	GlobalSection(SolutionConfigurationPlatforms) = preSolution
		Debug|Any CPU = Debug|Any CPU
		Release|Any CPU = Release|Any CPU
	EndGlobalSection
	GlobalSection(ProjectConfigurationPlatforms) = postSolution
		{BE359DB8-870A-42B6-8070-AAEDEAB54C1C}.Debug|Any CPU.ActiveCfg = Debug|Any CPU
		{BE359DB8-870A-42B6-8070-AAEDEAB54C1C}.Debug|Any CPU.Build.0 = Debug|Any CPU
		{BE359DB8-870A-42B6-8070-AAEDEAB54C1C}.Release|Any CPU.ActiveCfg = Release|Any CPU
		{BE359DB8-870A-42B6-8070-AAEDEAB54C1C}.Release|Any CPU.Build.0 = Release|Any CPU
		{6FC5179C-E57A-4C6B-AB0F-9B0DCB016896}.Debug|Any CPU.ActiveCfg = Debug|Any CPU
		{6FC5179C-E57A-4C6B-AB0F-9B0DCB016896}.Debug|Any CPU.Build.0 = Debug|Any CPU
		{6FC5179C-E57A-4C6B-AB0F-9B0DCB016896}.Release|Any CPU.ActiveCfg = Release|Any CPU
		{6FC5179C-E57A-4C6B-AB0F-9B0DCB016896}.Release|Any CPU.Build.0 = Release|Any CPU
	EndGlobalSection
	GlobalSection(SolutionProperties) = preSolution
		HideSolutionNode = FALSE
	EndGlobalSection
	GlobalSection(ExtensibilityGlobals) = postSolution
		SolutionGuid = {D443EAFA-28BB-4365-AE6C-C426CE8BF602}
	EndGlobalSection
EndGlobal
